
Microsoft Visual Studio Solution File, Format Version 12.00
# Visual Studio 2013
VisualStudioVersion = 12.0.40629.0
MinimumVisualStudioVersion = 10.0.40219.1
Project("{FAE04EC0-301F-11D3-BF4B-00C04F79EFBC}") = "GeoTest.Droid", "GeoTest\GeoTest.Droid\GeoTest.Droid.csproj", "{EFF3AA62-ECDD-4F7B-9397-A5E0D92D8BF0}"
EndProject
Project("{FAE04EC0-301F-11D3-BF4B-00C04F79EFBC}") = "GeoTest.iOS", "GeoTest\GeoTest.iOS\GeoTest.iOS.csproj", "{8864AEC0-3FB3-4FD1-B369-E86BD311FB06}"
EndProject
Project("{FAE04EC0-301F-11D3-BF4B-00C04F79EFBC}") = "GeoTest", "GeoTest\GeoTest\GeoTest.csproj", "{98ECD523-61F8-4A21-A9D0-8B9A33662F72}"
EndProject
Global
	GlobalSection(SolutionConfigurationPlatforms) = preSolution
		Ad-Hoc|Any CPU = Ad-Hoc|Any CPU
		Ad-Hoc|iPhone = Ad-Hoc|iPhone
		Ad-Hoc|iPhoneSimulator = Ad-Hoc|iPhoneSimulator
		Ad-Hoc|Mixed Platforms = Ad-Hoc|Mixed Platforms
		AppStore|Any CPU = AppStore|Any CPU
		AppStore|iPhone = AppStore|iPhone
		AppStore|iPhoneSimulator = AppStore|iPhoneSimulator
		AppStore|Mixed Platforms = AppStore|Mixed Platforms
		Debug|Any CPU = Debug|Any CPU
		Debug|iPhone = Debug|iPhone
		Debug|iPhoneSimulator = Debug|iPhoneSimulator
		Debug|Mixed Platforms = Debug|Mixed Platforms
		Release|Any CPU = Release|Any CPU
		Release|iPhone = Release|iPhone
		Release|iPhoneSimulator = Release|iPhoneSimulator
		Release|Mixed Platforms = Release|Mixed Platforms
	EndGlobalSection
	GlobalSection(ProjectConfigurationPlatforms) = postSolution
		{EFF3AA62-ECDD-4F7B-9397-A5E0D92D8BF0}.Ad-Hoc|Any CPU.ActiveCfg = Release|Any CPU
		{EFF3AA62-ECDD-4F7B-9397-A5E0D92D8BF0}.Ad-Hoc|Any CPU.Build.0 = Release|Any CPU
		{EFF3AA62-ECDD-4F7B-9397-A5E0D92D8BF0}.Ad-Hoc|Any CPU.Deploy.0 = Release|Any CPU
		{EFF3AA62-ECDD-4F7B-9397-A5E0D92D8BF0}.Ad-Hoc|iPhone.ActiveCfg = Release|Any CPU
		{EFF3AA62-ECDD-4F7B-9397-A5E0D92D8BF0}.Ad-Hoc|iPhoneSimulator.ActiveCfg = Release|Any CPU
		{EFF3AA62-ECDD-4F7B-9397-A5E0D92D8BF0}.Ad-Hoc|Mixed Platforms.ActiveCfg = Release|Any CPU
		{EFF3AA62-ECDD-4F7B-9397-A5E0D92D8BF0}.Ad-Hoc|Mixed Platforms.Build.0 = Release|Any CPU
		{EFF3AA62-ECDD-4F7B-9397-A5E0D92D8BF0}.Ad-Hoc|Mixed Platforms.Deploy.0 = Release|Any CPU
		{EFF3AA62-ECDD-4F7B-9397-A5E0D92D8BF0}.AppStore|Any CPU.ActiveCfg = Release|Any CPU
		{EFF3AA62-ECDD-4F7B-9397-A5E0D92D8BF0}.AppStore|Any CPU.Build.0 = Release|Any CPU
		{EFF3AA62-ECDD-4F7B-9397-A5E0D92D8BF0}.AppStore|Any CPU.Deploy.0 = Release|Any CPU
		{EFF3AA62-ECDD-4F7B-9397-A5E0D92D8BF0}.AppStore|iPhone.ActiveCfg = Release|Any CPU
		{EFF3AA62-ECDD-4F7B-9397-A5E0D92D8BF0}.AppStore|iPhoneSimulator.ActiveCfg = Release|Any CPU
		{EFF3AA62-ECDD-4F7B-9397-A5E0D92D8BF0}.AppStore|Mixed Platforms.ActiveCfg = Release|Any CPU
		{EFF3AA62-ECDD-4F7B-9397-A5E0D92D8BF0}.AppStore|Mixed Platforms.Build.0 = Release|Any CPU
		{EFF3AA62-ECDD-4F7B-9397-A5E0D92D8BF0}.AppStore|Mixed Platforms.Deploy.0 = Release|Any CPU
		{EFF3AA62-ECDD-4F7B-9397-A5E0D92D8BF0}.Debug|Any CPU.ActiveCfg = Debug|Any CPU
		{EFF3AA62-ECDD-4F7B-9397-A5E0D92D8BF0}.Debug|Any CPU.Build.0 = Debug|Any CPU
		{EFF3AA62-ECDD-4F7B-9397-A5E0D92D8BF0}.Debug|Any CPU.Deploy.0 = Debug|Any CPU
		{EFF3AA62-ECDD-4F7B-9397-A5E0D92D8BF0}.Debug|iPhone.ActiveCfg = Debug|Any CPU
		{EFF3AA62-ECDD-4F7B-9397-A5E0D92D8BF0}.Debug|iPhoneSimulator.ActiveCfg = Debug|Any CPU
		{EFF3AA62-ECDD-4F7B-9397-A5E0D92D8BF0}.Debug|Mixed Platforms.ActiveCfg = Debug|Any CPU
		{EFF3AA62-ECDD-4F7B-9397-A5E0D92D8BF0}.Debug|Mixed Platforms.Build.0 = Debug|Any CPU
		{EFF3AA62-ECDD-4F7B-9397-A5E0D92D8BF0}.Debug|Mixed Platforms.Deploy.0 = Debug|Any CPU
		{EFF3AA62-ECDD-4F7B-9397-A5E0D92D8BF0}.Release|Any CPU.ActiveCfg = Release|Any CPU
		{EFF3AA62-ECDD-4F7B-9397-A5E0D92D8BF0}.Release|Any CPU.Build.0 = Release|Any CPU
		{EFF3AA62-ECDD-4F7B-9397-A5E0D92D8BF0}.Release|Any CPU.Deploy.0 = Release|Any CPU
		{EFF3AA62-ECDD-4F7B-9397-A5E0D92D8BF0}.Release|iPhone.ActiveCfg = Release|Any CPU
		{EFF3AA62-ECDD-4F7B-9397-A5E0D92D8BF0}.Release|iPhoneSimulator.ActiveCfg = Release|Any CPU
		{EFF3AA62-ECDD-4F7B-9397-A5E0D92D8BF0}.Release|Mixed Platforms.ActiveCfg = Release|Any CPU
		{EFF3AA62-ECDD-4F7B-9397-A5E0D92D8BF0}.Release|Mixed Platforms.Build.0 = Release|Any CPU
		{EFF3AA62-ECDD-4F7B-9397-A5E0D92D8BF0}.Release|Mixed Platforms.Deploy.0 = Release|Any CPU
		{8864AEC0-3FB3-4FD1-B369-E86BD311FB06}.Ad-Hoc|Any CPU.ActiveCfg = Ad-Hoc|iPhone
		{8864AEC0-3FB3-4FD1-B369-E86BD311FB06}.Ad-Hoc|iPhone.ActiveCfg = Ad-Hoc|iPhone
		{8864AEC0-3FB3-4FD1-B369-E86BD311FB06}.Ad-Hoc|iPhone.Build.0 = Ad-Hoc|iPhone
		{8864AEC0-3FB3-4FD1-B369-E86BD311FB06}.Ad-Hoc|iPhoneSimulator.ActiveCfg = Ad-Hoc|iPhoneSimulator
		{8864AEC0-3FB3-4FD1-B369-E86BD311FB06}.Ad-Hoc|iPhoneSimulator.Build.0 = Ad-Hoc|iPhoneSimulator
		{8864AEC0-3FB3-4FD1-B369-E86BD311FB06}.Ad-Hoc|Mixed Platforms.ActiveCfg = Ad-Hoc|iPhone
		{8864AEC0-3FB3-4FD1-B369-E86BD311FB06}.Ad-Hoc|Mixed Platforms.Build.0 = Ad-Hoc|iPhone
		{8864AEC0-3FB3-4FD1-B369-E86BD311FB06}.AppStore|Any CPU.ActiveCfg = AppStore|iPhone
		{8864AEC0-3FB3-4FD1-B369-E86BD311FB06}.AppStore|iPhone.ActiveCfg = AppStore|iPhone
		{8864AEC0-3FB3-4FD1-B369-E86BD311FB06}.AppStore|iPhone.Build.0 = AppStore|iPhone
		{8864AEC0-3FB3-4FD1-B369-E86BD311FB06}.AppStore|iPhoneSimulator.ActiveCfg = AppStore|iPhoneSimulator
		{8864AEC0-3FB3-4FD1-B369-E86BD311FB06}.AppStore|iPhoneSimulator.Build.0 = AppStore|iPhoneSimulator
		{8864AEC0-3FB3-4FD1-B369-E86BD311FB06}.AppStore|Mixed Platforms.ActiveCfg = AppStore|iPhone
		{8864AEC0-3FB3-4FD1-B369-E86BD311FB06}.AppStore|Mixed Platforms.Build.0 = AppStore|iPhone
		{8864AEC0-3FB3-4FD1-B369-E86BD311FB06}.Debug|Any CPU.ActiveCfg = Debug|iPhone
		{8864AEC0-3FB3-4FD1-B369-E86BD311FB06}.Debug|iPhone.ActiveCfg = Debug|iPhone
		{8864AEC0-3FB3-4FD1-B369-E86BD311FB06}.Debug|iPhone.Build.0 = Debug|iPhone
		{8864AEC0-3FB3-4FD1-B369-E86BD311FB06}.Debug|iPhoneSimulator.ActiveCfg = Debug|iPhoneSimulator
		{8864AEC0-3FB3-4FD1-B369-E86BD311FB06}.Debug|iPhoneSimulator.Build.0 = Debug|iPhoneSimulator
		{8864AEC0-3FB3-4FD1-B369-E86BD311FB06}.Debug|Mixed Platforms.ActiveCfg = Debug|iPhone
		{8864AEC0-3FB3-4FD1-B369-E86BD311FB06}.Release|Any CPU.ActiveCfg = Release|iPhone
		{8864AEC0-3FB3-4FD1-B369-E86BD311FB06}.Release|iPhone.ActiveCfg = Release|iPhone
		{8864AEC0-3FB3-4FD1-B369-E86BD311FB06}.Release|iPhone.Build.0 = Release|iPhone
		{8864AEC0-3FB3-4FD1-B369-E86BD311FB06}.Release|iPhoneSimulator.ActiveCfg = Release|iPhoneSimulator
		{8864AEC0-3FB3-4FD1-B369-E86BD311FB06}.Release|iPhoneSimulator.Build.0 = Release|iPhoneSimulator
		{8864AEC0-3FB3-4FD1-B369-E86BD311FB06}.Release|Mixed Platforms.ActiveCfg = Release|iPhone
		{8864AEC0-3FB3-4FD1-B369-E86BD311FB06}.Release|Mixed Platforms.Build.0 = Release|iPhone
		{98ECD523-61F8-4A21-A9D0-8B9A33662F72}.Ad-Hoc|Any CPU.ActiveCfg = Release|Any CPU
		{98ECD523-61F8-4A21-A9D0-8B9A33662F72}.Ad-Hoc|Any CPU.Build.0 = Release|Any CPU
		{98ECD523-61F8-4A21-A9D0-8B9A33662F72}.Ad-Hoc|iPhone.ActiveCfg = Release|Any CPU
		{98ECD523-61F8-4A21-A9D0-8B9A33662F72}.Ad-Hoc|iPhone.Build.0 = Release|Any CPU
		{98ECD523-61F8-4A21-A9D0-8B9A33662F72}.Ad-Hoc|iPhoneSimulator.ActiveCfg = Release|Any CPU
		{98ECD523-61F8-4A21-A9D0-8B9A33662F72}.Ad-Hoc|iPhoneSimulator.Build.0 = Release|Any CPU
		{98ECD523-61F8-4A21-A9D0-8B9A33662F72}.Ad-Hoc|Mixed Platforms.ActiveCfg = Release|Any CPU
		{98ECD523-61F8-4A21-A9D0-8B9A33662F72}.Ad-Hoc|Mixed Platforms.Build.0 = Release|Any CPU
		{98ECD523-61F8-4A21-A9D0-8B9A33662F72}.AppStore|Any CPU.ActiveCfg = Release|Any CPU
		{98ECD523-61F8-4A21-A9D0-8B9A33662F72}.AppStore|Any CPU.Build.0 = Release|Any CPU
		{98ECD523-61F8-4A21-A9D0-8B9A33662F72}.AppStore|iPhone.ActiveCfg = Release|Any CPU
		{98ECD523-61F8-4A21-A9D0-8B9A33662F72}.AppStore|iPhone.Build.0 = Release|Any CPU
		{98ECD523-61F8-4A21-A9D0-8B9A33662F72}.AppStore|iPhoneSimulator.ActiveCfg = Release|Any CPU
		{98ECD523-61F8-4A21-A9D0-8B9A33662F72}.AppStore|iPhoneSimulator.Build.0 = Release|Any CPU
		{98ECD523-61F8-4A21-A9D0-8B9A33662F72}.AppStore|Mixed Platforms.ActiveCfg = Release|Any CPU
		{98ECD523-61F8-4A21-A9D0-8B9A33662F72}.AppStore|Mixed Platforms.Build.0 = Release|Any CPU
		{98ECD523-61F8-4A21-A9D0-8B9A33662F72}.Debug|Any CPU.ActiveCfg = Debug|Any CPU
		{98ECD523-61F8-4A21-A9D0-8B9A33662F72}.Debug|Any CPU.Build.0 = Debug|Any CPU
		{98ECD523-61F8-4A21-A9D0-8B9A33662F72}.Debug|iPhone.ActiveCfg = Debug|Any CPU
		{98ECD523-61F8-4A21-A9D0-8B9A33662F72}.Debug|iPhone.Build.0 = Debug|Any CPU
		{98ECD523-61F8-4A21-A9D0-8B9A33662F72}.Debug|iPhoneSimulator.ActiveCfg = Debug|Any CPU
		{98ECD523-61F8-4A21-A9D0-8B9A33662F72}.Debug|iPhoneSimulator.Build.0 = Debug|Any CPU
		{98ECD523-61F8-4A21-A9D0-8B9A33662F72}.Debug|Mixed Platforms.ActiveCfg = Debug|Any CPU
		{98ECD523-61F8-4A21-A9D0-8B9A33662F72}.Debug|Mixed Platforms.Build.0 = Debug|Any CPU
		{98ECD523-61F8-4A21-A9D0-8B9A33662F72}.Release|Any CPU.ActiveCfg = Release|Any CPU
		{98ECD523-61F8-4A21-A9D0-8B9A33662F72}.Release|Any CPU.Build.0 = Release|Any CPU
		{98ECD523-61F8-4A21-A9D0-8B9A33662F72}.Release|iPhone.ActiveCfg = Release|Any CPU
		{98ECD523-61F8-4A21-A9D0-8B9A33662F72}.Release|iPhone.Build.0 = Release|Any CPU
		{98ECD523-61F8-4A21-A9D0-8B9A33662F72}.Release|iPhoneSimulator.ActiveCfg = Release|Any CPU
		{98ECD523-61F8-4A21-A9D0-8B9A33662F72}.Release|iPhoneSimulator.Build.0 = Release|Any CPU
		{98ECD523-61F8-4A21-A9D0-8B9A33662F72}.Release|Mixed Platforms.ActiveCfg = Release|Any CPU
		{98ECD523-61F8-4A21-A9D0-8B9A33662F72}.Release|Mixed Platforms.Build.0 = Release|Any CPU
	EndGlobalSection
	GlobalSection(SolutionProperties) = preSolution
		HideSolutionNode = FALSE
	EndGlobalSection
EndGlobal
